
Microsoft Visual Studio Solution File, Format Version 12.00
Project("{FAE04EC0-301F-11D3-BF4B-00C04F79EFBC}") = "DnDProbabilityCalculator.Console", "DnDProbabilityCalculator.Console\DnDProbabilityCalculator.Console.csproj", "{E868C9A6-B6D0-4CE6-BBA8-CBB2AEE2B242}"
EndProject
Project("{FAE04EC0-301F-11D3-BF4B-00C04F79EFBC}") = "DnDProbabilityCalculator.Core", "DnDProbabilityCalculator.Core\DnDProbabilityCalculator.Core.csproj", "{2F280E5A-4925-4AC2-BD88-6BE4DE47CF91}"
EndProject
Project("{FAE04EC0-301F-11D3-BF4B-00C04F79EFBC}") = "DnDProbabilityCalculator.Core.Tests", "DnDProbabilityCalculator.Core.Tests\DnDProbabilityCalculator.Core.Tests.csproj", "{CE86A152-7592-4029-8E95-FFBCB392B8BB}"
EndProject
Project("{2150E333-8FDC-42A3-9474-1A3956D46DE8}") = "Core", "Core", "{7CDC4C13-EC2F-4D1B-88A2-28DC3D977C73}"
EndProject
Project("{2150E333-8FDC-42A3-9474-1A3956D46DE8}") = "Console", "Console", "{1A5938DF-F3CB-4B8D-BCD0-ADB5B4B274E6}"
EndProject
Project("{2150E333-8FDC-42A3-9474-1A3956D46DE8}") = "Infrastructure", "Infrastructure", "{421681E6-58ED-4C9D-95A3-FA03A0A434C8}"
EndProject
Project("{FAE04EC0-301F-11D3-BF4B-00C04F79EFBC}") = "DnDProbabilityCalculator.Infrastructure", "DnDProbabilityCalculator.Infrastructure\DnDProbabilityCalculator.Infrastructure.csproj", "{5C3F75DD-B16B-4107-BAFB-8B61F91FE9EA}"
EndProject
Project("{FAE04EC0-301F-11D3-BF4B-00C04F79EFBC}") = "DnDProbabilityCalculator.Infrastructure.Tests", "DnDProbabilityCalculator.Infrastructure.Tests\DnDProbabilityCalculator.Infrastructure.Tests.csproj", "{00A0306E-66EC-42AC-9EE9-070F974D5879}"
EndProject
Project("{FAE04EC0-301F-11D3-BF4B-00C04F79EFBC}") = "DnDProbabilityCalculator.Console.Application", "DnDProbabilityCalculator.Console.Application\DnDProbabilityCalculator.Console.Application.csproj", "{5AD6488F-43F5-4DF2-BF47-56312997BD4A}"
EndProject
Project("{FAE04EC0-301F-11D3-BF4B-00C04F79EFBC}") = "DnDProbabilityCalculator.Console.Application.Tests", "DnDProbabilityCalculator.Console.Application.Tests\DnDProbabilityCalculator.Console.Application.Tests.csproj", "{5DF03379-84B8-4C0A-8943-438A87268939}"
EndProject
Project("{2150E333-8FDC-42A3-9474-1A3956D46DE8}") = "Blazor", "Blazor", "{5537D204-195F-4BCE-A4BA-D446EFCE8CBD}"
EndProject
Project("{FAE04EC0-301F-11D3-BF4B-00C04F79EFBC}") = "DnDProbabilityCalculator.MudBlazor.Blazor", "DnDProbabilityCalculator.MudBlazor.Blazor\DnDProbabilityCalculator.MudBlazor.Blazor.csproj", "{D5D80A04-A8EA-4A0F-AB3A-4CB282DE34C6}"
EndProject
Project("{FAE04EC0-301F-11D3-BF4B-00C04F79EFBC}") = "DnDProbabilityCalculator.Fluent.Blazor", "DnDProbabilityCalculator.Fluent.Blazor\DnDProbabilityCalculator.Fluent.Blazor.csproj", "{DCA08D1B-0E78-48BC-A9C8-DB64AB3C36EC}"
EndProject
Global
	GlobalSection(SolutionConfigurationPlatforms) = preSolution
		Debug|Any CPU = Debug|Any CPU
		Release|Any CPU = Release|Any CPU
	EndGlobalSection
	GlobalSection(ProjectConfigurationPlatforms) = postSolution
		{E868C9A6-B6D0-4CE6-BBA8-CBB2AEE2B242}.Debug|Any CPU.ActiveCfg = Debug|Any CPU
		{E868C9A6-B6D0-4CE6-BBA8-CBB2AEE2B242}.Debug|Any CPU.Build.0 = Debug|Any CPU
		{E868C9A6-B6D0-4CE6-BBA8-CBB2AEE2B242}.Release|Any CPU.ActiveCfg = Release|Any CPU
		{E868C9A6-B6D0-4CE6-BBA8-CBB2AEE2B242}.Release|Any CPU.Build.0 = Release|Any CPU
		{2F280E5A-4925-4AC2-BD88-6BE4DE47CF91}.Debug|Any CPU.ActiveCfg = Debug|Any CPU
		{2F280E5A-4925-4AC2-BD88-6BE4DE47CF91}.Debug|Any CPU.Build.0 = Debug|Any CPU
		{2F280E5A-4925-4AC2-BD88-6BE4DE47CF91}.Release|Any CPU.ActiveCfg = Release|Any CPU
		{2F280E5A-4925-4AC2-BD88-6BE4DE47CF91}.Release|Any CPU.Build.0 = Release|Any CPU
		{CE86A152-7592-4029-8E95-FFBCB392B8BB}.Debug|Any CPU.ActiveCfg = Debug|Any CPU
		{CE86A152-7592-4029-8E95-FFBCB392B8BB}.Debug|Any CPU.Build.0 = Debug|Any CPU
		{CE86A152-7592-4029-8E95-FFBCB392B8BB}.Release|Any CPU.ActiveCfg = Release|Any CPU
		{CE86A152-7592-4029-8E95-FFBCB392B8BB}.Release|Any CPU.Build.0 = Release|Any CPU
		{5C3F75DD-B16B-4107-BAFB-8B61F91FE9EA}.Debug|Any CPU.ActiveCfg = Debug|Any CPU
		{5C3F75DD-B16B-4107-BAFB-8B61F91FE9EA}.Debug|Any CPU.Build.0 = Debug|Any CPU
		{5C3F75DD-B16B-4107-BAFB-8B61F91FE9EA}.Release|Any CPU.ActiveCfg = Release|Any CPU
		{5C3F75DD-B16B-4107-BAFB-8B61F91FE9EA}.Release|Any CPU.Build.0 = Release|Any CPU
		{00A0306E-66EC-42AC-9EE9-070F974D5879}.Debug|Any CPU.ActiveCfg = Debug|Any CPU
		{00A0306E-66EC-42AC-9EE9-070F974D5879}.Debug|Any CPU.Build.0 = Debug|Any CPU
		{00A0306E-66EC-42AC-9EE9-070F974D5879}.Release|Any CPU.ActiveCfg = Release|Any CPU
		{00A0306E-66EC-42AC-9EE9-070F974D5879}.Release|Any CPU.Build.0 = Release|Any CPU
		{5AD6488F-43F5-4DF2-BF47-56312997BD4A}.Debug|Any CPU.ActiveCfg = Debug|Any CPU
		{5AD6488F-43F5-4DF2-BF47-56312997BD4A}.Debug|Any CPU.Build.0 = Debug|Any CPU
		{5AD6488F-43F5-4DF2-BF47-56312997BD4A}.Release|Any CPU.ActiveCfg = Release|Any CPU
		{5AD6488F-43F5-4DF2-BF47-56312997BD4A}.Release|Any CPU.Build.0 = Release|Any CPU
		{5DF03379-84B8-4C0A-8943-438A87268939}.Debug|Any CPU.ActiveCfg = Debug|Any CPU
		{5DF03379-84B8-4C0A-8943-438A87268939}.Debug|Any CPU.Build.0 = Debug|Any CPU
		{5DF03379-84B8-4C0A-8943-438A87268939}.Release|Any CPU.ActiveCfg = Release|Any CPU
		{5DF03379-84B8-4C0A-8943-438A87268939}.Release|Any CPU.Build.0 = Release|Any CPU
		{D5D80A04-A8EA-4A0F-AB3A-4CB282DE34C6}.Debug|Any CPU.ActiveCfg = Debug|Any CPU
		{D5D80A04-A8EA-4A0F-AB3A-4CB282DE34C6}.Debug|Any CPU.Build.0 = Debug|Any CPU
		{D5D80A04-A8EA-4A0F-AB3A-4CB282DE34C6}.Release|Any CPU.ActiveCfg = Release|Any CPU
		{D5D80A04-A8EA-4A0F-AB3A-4CB282DE34C6}.Release|Any CPU.Build.0 = Release|Any CPU
		{DCA08D1B-0E78-48BC-A9C8-DB64AB3C36EC}.Debug|Any CPU.ActiveCfg = Debug|Any CPU
		{DCA08D1B-0E78-48BC-A9C8-DB64AB3C36EC}.Debug|Any CPU.Build.0 = Debug|Any CPU
		{DCA08D1B-0E78-48BC-A9C8-DB64AB3C36EC}.Release|Any CPU.ActiveCfg = Release|Any CPU
		{DCA08D1B-0E78-48BC-A9C8-DB64AB3C36EC}.Release|Any CPU.Build.0 = Release|Any CPU
	EndGlobalSection
	GlobalSection(NestedProjects) = preSolution
		{2F280E5A-4925-4AC2-BD88-6BE4DE47CF91} = {7CDC4C13-EC2F-4D1B-88A2-28DC3D977C73}
		{CE86A152-7592-4029-8E95-FFBCB392B8BB} = {7CDC4C13-EC2F-4D1B-88A2-28DC3D977C73}
		{E868C9A6-B6D0-4CE6-BBA8-CBB2AEE2B242} = {1A5938DF-F3CB-4B8D-BCD0-ADB5B4B274E6}
		{5C3F75DD-B16B-4107-BAFB-8B61F91FE9EA} = {421681E6-58ED-4C9D-95A3-FA03A0A434C8}
		{00A0306E-66EC-42AC-9EE9-070F974D5879} = {421681E6-58ED-4C9D-95A3-FA03A0A434C8}
		{D5D80A04-A8EA-4A0F-AB3A-4CB282DE34C6} = {5537D204-195F-4BCE-A4BA-D446EFCE8CBD}
		{5AD6488F-43F5-4DF2-BF47-56312997BD4A} = {1A5938DF-F3CB-4B8D-BCD0-ADB5B4B274E6}
		{5DF03379-84B8-4C0A-8943-438A87268939} = {1A5938DF-F3CB-4B8D-BCD0-ADB5B4B274E6}
		{DCA08D1B-0E78-48BC-A9C8-DB64AB3C36EC} = {5537D204-195F-4BCE-A4BA-D446EFCE8CBD}
	EndGlobalSection
EndGlobal
